{
  "name": "ej 4",
  "lockfileVersion": 2,
  "requires": true,
  "packages": {
    "": {
      "dependencies": {
        "pure-snow.js": "^2.0.0"
      }
    },
    "node_modules/pure-snow.js": {
      "version": "2.0.0",
      "resolved": "https://registry.npmjs.org/pure-snow.js/-/pure-snow.js-2.0.0.tgz",
      "integrity": "sha512-QrUDtO2dCd6i1gsKZojYQuzh8OOcYKPfFfsogtXc4Aun2RhzepDGF6DHQgKTOvjsOX2Qs90q1lb7oGUf4ol8AQ=="
    }
  },
  "dependencies": {
    "pure-snow.js": {
      "version": "2.0.0",
      "resolved": "https://registry.npmjs.org/pure-snow.js/-/pure-snow.js-2.0.0.tgz",
      "integrity": "sha512-QrUDtO2dCd6i1gsKZojYQuzh8OOcYKPfFfsogtXc4Aun2RhzepDGF6DHQgKTOvjsOX2Qs90q1lb7oGUf4ol8AQ=="
    }
  }
}
