# THIS IS AN AUTOGENERATED FILE. DO NOT EDIT THIS FILE DIRECTLY.
# yarn lockfile v1


js-confetti@^0.11.0:
  version "0.11.0"
  resolved "https://registry.yarnpkg.com/js-confetti/-/js-confetti-0.11.0.tgz#5eb56dc23cba54be98b71afdc69a28bec61880a2"
  integrity sha512-Hc7I3VI4r4H0nq5q/oQK+JJwGoYRYVHK72fGk8E9Ay1dbh+aiZ9yl0yFp1K4oYeq7YFDQAndYChwqLPA3QWQuA==

pure-snow.js@^2.0.0:
  version "2.0.0"
  resolved "https://registry.yarnpkg.com/pure-snow.js/-/pure-snow.js-2.0.0.tgz#3eeabcf33ec59932a7e92f99afb650db7c73b0ba"
  integrity sha512-QrUDtO2dCd6i1gsKZojYQuzh8OOcYKPfFfsogtXc4Aun2RhzepDGF6DHQgKTOvjsOX2Qs90q1lb7oGUf4ol8AQ==
